
Microsoft Visual Studio Solution File, Format Version 12.00
# Visual Studio Version 17
VisualStudioVersion = 17.0.32014.148
MinimumVisualStudioVersion = 10.0.40219.1
Project("{2150E333-8FDC-42A3-9474-1A3956D46DE8}") = "Services", "Services", "{F444DA4D-E7A2-41D5-9290-D4C2D5B2B042}"
EndProject
Project("{2150E333-8FDC-42A3-9474-1A3956D46DE8}") = "Catalog", "Catalog", "{E6A390E7-71D1-4154-B078-6E1514099BC4}"
EndProject
Project("{FAE04EC0-301F-11D3-BF4B-00C04F79EFBC}") = "Catalog.API", "Services\Catalog\Catalog.API\Catalog.API.csproj", "{E6FF7142-8E06-4953-9CFD-B7A0951E0146}"
EndProject
Global
	GlobalSection(SolutionConfigurationPlatforms) = preSolution
		Debug|Any CPU = Debug|Any CPU
		Release|Any CPU = Release|Any CPU
	EndGlobalSection
	GlobalSection(ProjectConfigurationPlatforms) = postSolution
		{E6FF7142-8E06-4953-9CFD-B7A0951E0146}.Debug|Any CPU.ActiveCfg = Debug|Any CPU
		{E6FF7142-8E06-4953-9CFD-B7A0951E0146}.Debug|Any CPU.Build.0 = Debug|Any CPU
		{E6FF7142-8E06-4953-9CFD-B7A0951E0146}.Release|Any CPU.ActiveCfg = Release|Any CPU
		{E6FF7142-8E06-4953-9CFD-B7A0951E0146}.Release|Any CPU.Build.0 = Release|Any CPU
	EndGlobalSection
	GlobalSection(SolutionProperties) = preSolution
		HideSolutionNode = FALSE
	EndGlobalSection
	GlobalSection(NestedProjects) = preSolution
		{E6A390E7-71D1-4154-B078-6E1514099BC4} = {F444DA4D-E7A2-41D5-9290-D4C2D5B2B042}
		{E6FF7142-8E06-4953-9CFD-B7A0951E0146} = {E6A390E7-71D1-4154-B078-6E1514099BC4}
	EndGlobalSection
	GlobalSection(ExtensibilityGlobals) = postSolution
		SolutionGuid = {495D7B50-3948-4C68-A0F9-931A08C5E451}
	EndGlobalSection
EndGlobal
